
Microsoft Visual Studio Solution File, Format Version 12.00
# Visual Studio Version 16
VisualStudioVersion = 16.0.29613.14
MinimumVisualStudioVersion = 10.0.40219.1
Project("{FAE04EC0-301F-11D3-BF4B-00C04F79EFBC}") = "FrontEnd", "FrontEnd\FrontEnd.csproj", "{FBD2DCD6-B75A-48E6-BD85-A8C67AD3AABC}"
EndProject
Project("{FAE04EC0-301F-11D3-BF4B-00C04F79EFBC}") = "BackEnd", "BackEnd\BackEnd.csproj", "{FA5FE75A-97ED-4F8E-959B-467F9B0C4A81}"
EndProject
Global
	GlobalSection(SolutionConfigurationPlatforms) = preSolution
		Debug|Any CPU = Debug|Any CPU
		Release|Any CPU = Release|Any CPU
	EndGlobalSection
	GlobalSection(ProjectConfigurationPlatforms) = postSolution
		{FBD2DCD6-B75A-48E6-BD85-A8C67AD3AABC}.Debug|Any CPU.ActiveCfg = Debug|Any CPU
		{FBD2DCD6-B75A-48E6-BD85-A8C67AD3AABC}.Debug|Any CPU.Build.0 = Debug|Any CPU
		{FBD2DCD6-B75A-48E6-BD85-A8C67AD3AABC}.Release|Any CPU.ActiveCfg = Release|Any CPU
		{FBD2DCD6-B75A-48E6-BD85-A8C67AD3AABC}.Release|Any CPU.Build.0 = Release|Any CPU
		{FA5FE75A-97ED-4F8E-959B-467F9B0C4A81}.Debug|Any CPU.ActiveCfg = Debug|Any CPU
		{FA5FE75A-97ED-4F8E-959B-467F9B0C4A81}.Debug|Any CPU.Build.0 = Debug|Any CPU
		{FA5FE75A-97ED-4F8E-959B-467F9B0C4A81}.Release|Any CPU.ActiveCfg = Release|Any CPU
		{FA5FE75A-97ED-4F8E-959B-467F9B0C4A81}.Release|Any CPU.Build.0 = Release|Any CPU
	EndGlobalSection
	GlobalSection(SolutionProperties) = preSolution
		HideSolutionNode = FALSE
	EndGlobalSection
	GlobalSection(ExtensibilityGlobals) = postSolution
		SolutionGuid = {1C3AFFB5-80FA-4AAA-9B82-89ADA144FBCD}
	EndGlobalSection
EndGlobal
